
Microsoft Visual Studio Solution File, Format Version 12.00
# Visual Studio Version 16
VisualStudioVersion = 16.0.31005.135
MinimumVisualStudioVersion = 10.0.40219.1
Project("{9A19103F-16F7-4668-BE54-9A1E7A4F7556}") = "Cailms", "Cailms\Cailms.csproj", "{0CD6FEF6-EDAE-46ED-A1AE-9274A977DD5A}"
EndProject
Project("{9A19103F-16F7-4668-BE54-9A1E7A4F7556}") = "Cailms.Application", "Cailms.Application\Cailms.Application.csproj", "{11DFDFD3-3DDE-4904-86E1-AD9DAD5BF473}"
EndProject
Project("{9A19103F-16F7-4668-BE54-9A1E7A4F7556}") = "Cailms.Domain", "Cailms.Domain\Cailms.Domain.csproj", "{36D2D716-E318-4C87-98DE-64A2720DF8A6}"
EndProject
Project("{9A19103F-16F7-4668-BE54-9A1E7A4F7556}") = "Cailms.Common", "Cailms.Common\Cailms.Common.csproj", "{07535D47-34A2-4915-8FC1-187F401D09AE}"
EndProject
Project("{00D1A9C2-B5F0-4AF3-8072-F6C62B433612}") = "Cailms.Database", "Cailms.Database\Cailms.Database.sqlproj", "{4BF785CE-4DAA-4ACE-9746-AD3A26708466}"
EndProject
Project("{FAE04EC0-301F-11D3-BF4B-00C04F79EFBC}") = "Cailms.Tests", "Cailms.Tests\Cailms.Tests.csproj", "{E93FF722-6705-4047-A95F-4DC2330AD589}"
EndProject
Project("{2150E333-8FDC-42A3-9474-1A3956D46DE8}") = "Cailms.Infrastructure ", "Cailms.Infrastructure ", "{3CF64B76-A690-463B-92EE-1FAB8E1AFCF7}"
EndProject
Project("{FAE04EC0-301F-11D3-BF4B-00C04F79EFBC}") = "Cailms.Http", "Cailms.Http\Cailms.Http.csproj", "{AD9AC01F-4F93-4C00-9581-F72811EBA822}"
EndProject
Project("{2150E333-8FDC-42A3-9474-1A3956D46DE8}") = "Cailms.External", "Cailms.External", "{FF615311-3B0C-49BD-BDC6-C8542643D208}"
EndProject
Project("{FAE04EC0-301F-11D3-BF4B-00C04F79EFBC}") = "Cailms.CurrencyExchange", "Cailms.CurrencyExchange\Cailms.CurrencyExchange.csproj", "{E78A8DE3-3825-41A0-989E-8EEF429C6901}"
EndProject
Global
	GlobalSection(SolutionConfigurationPlatforms) = preSolution
		Debug|Any CPU = Debug|Any CPU
		Release|Any CPU = Release|Any CPU
	EndGlobalSection
	GlobalSection(ProjectConfigurationPlatforms) = postSolution
		{0CD6FEF6-EDAE-46ED-A1AE-9274A977DD5A}.Debug|Any CPU.ActiveCfg = Debug|Any CPU
		{0CD6FEF6-EDAE-46ED-A1AE-9274A977DD5A}.Debug|Any CPU.Build.0 = Debug|Any CPU
		{0CD6FEF6-EDAE-46ED-A1AE-9274A977DD5A}.Release|Any CPU.ActiveCfg = Release|Any CPU
		{0CD6FEF6-EDAE-46ED-A1AE-9274A977DD5A}.Release|Any CPU.Build.0 = Release|Any CPU
		{11DFDFD3-3DDE-4904-86E1-AD9DAD5BF473}.Debug|Any CPU.ActiveCfg = Debug|Any CPU
		{11DFDFD3-3DDE-4904-86E1-AD9DAD5BF473}.Debug|Any CPU.Build.0 = Debug|Any CPU
		{11DFDFD3-3DDE-4904-86E1-AD9DAD5BF473}.Release|Any CPU.ActiveCfg = Release|Any CPU
		{11DFDFD3-3DDE-4904-86E1-AD9DAD5BF473}.Release|Any CPU.Build.0 = Release|Any CPU
		{36D2D716-E318-4C87-98DE-64A2720DF8A6}.Debug|Any CPU.ActiveCfg = Debug|Any CPU
		{36D2D716-E318-4C87-98DE-64A2720DF8A6}.Debug|Any CPU.Build.0 = Debug|Any CPU
		{36D2D716-E318-4C87-98DE-64A2720DF8A6}.Release|Any CPU.ActiveCfg = Release|Any CPU
		{36D2D716-E318-4C87-98DE-64A2720DF8A6}.Release|Any CPU.Build.0 = Release|Any CPU
		{07535D47-34A2-4915-8FC1-187F401D09AE}.Debug|Any CPU.ActiveCfg = Debug|Any CPU
		{07535D47-34A2-4915-8FC1-187F401D09AE}.Debug|Any CPU.Build.0 = Debug|Any CPU
		{07535D47-34A2-4915-8FC1-187F401D09AE}.Release|Any CPU.ActiveCfg = Release|Any CPU
		{07535D47-34A2-4915-8FC1-187F401D09AE}.Release|Any CPU.Build.0 = Release|Any CPU
		{4BF785CE-4DAA-4ACE-9746-AD3A26708466}.Debug|Any CPU.ActiveCfg = Debug|Any CPU
		{4BF785CE-4DAA-4ACE-9746-AD3A26708466}.Debug|Any CPU.Build.0 = Debug|Any CPU
		{4BF785CE-4DAA-4ACE-9746-AD3A26708466}.Debug|Any CPU.Deploy.0 = Debug|Any CPU
		{4BF785CE-4DAA-4ACE-9746-AD3A26708466}.Release|Any CPU.ActiveCfg = Release|Any CPU
		{4BF785CE-4DAA-4ACE-9746-AD3A26708466}.Release|Any CPU.Build.0 = Release|Any CPU
		{4BF785CE-4DAA-4ACE-9746-AD3A26708466}.Release|Any CPU.Deploy.0 = Release|Any CPU
		{E93FF722-6705-4047-A95F-4DC2330AD589}.Debug|Any CPU.ActiveCfg = Debug|Any CPU
		{E93FF722-6705-4047-A95F-4DC2330AD589}.Debug|Any CPU.Build.0 = Debug|Any CPU
		{E93FF722-6705-4047-A95F-4DC2330AD589}.Release|Any CPU.ActiveCfg = Release|Any CPU
		{E93FF722-6705-4047-A95F-4DC2330AD589}.Release|Any CPU.Build.0 = Release|Any CPU
		{AD9AC01F-4F93-4C00-9581-F72811EBA822}.Debug|Any CPU.ActiveCfg = Debug|Any CPU
		{AD9AC01F-4F93-4C00-9581-F72811EBA822}.Debug|Any CPU.Build.0 = Debug|Any CPU
		{AD9AC01F-4F93-4C00-9581-F72811EBA822}.Release|Any CPU.ActiveCfg = Release|Any CPU
		{AD9AC01F-4F93-4C00-9581-F72811EBA822}.Release|Any CPU.Build.0 = Release|Any CPU
		{E78A8DE3-3825-41A0-989E-8EEF429C6901}.Debug|Any CPU.ActiveCfg = Debug|Any CPU
		{E78A8DE3-3825-41A0-989E-8EEF429C6901}.Debug|Any CPU.Build.0 = Debug|Any CPU
		{E78A8DE3-3825-41A0-989E-8EEF429C6901}.Release|Any CPU.ActiveCfg = Release|Any CPU
		{E78A8DE3-3825-41A0-989E-8EEF429C6901}.Release|Any CPU.Build.0 = Release|Any CPU
	EndGlobalSection
	GlobalSection(SolutionProperties) = preSolution
		HideSolutionNode = FALSE
	EndGlobalSection
	GlobalSection(ExtensibilityGlobals) = postSolution
		SolutionGuid = {5AA53AC8-4975-4653-9C8B-3AC2BF01CB5E}
	EndGlobalSection
	GlobalSection(NestedProjects) = preSolution
		{AD9AC01F-4F93-4C00-9581-F72811EBA822} = {3CF64B76-A690-463B-92EE-1FAB8E1AFCF7}
		{E78A8DE3-3825-41A0-989E-8EEF429C6901} = {FF615311-3B0C-49BD-BDC6-C8542643D208}
	EndGlobalSection
EndGlobal
